
Microsoft Visual Studio Solution File, Format Version 12.00
# Visual Studio Version 16
VisualStudioVersion = 16.0.32602.291
MinimumVisualStudioVersion = 10.0.40219.1
Project("{9A19103F-16F7-4668-BE54-9A1E7A4F7556}") = "Pms.Adjustments.Domain", "Pms.Adjustments.Domain\Pms.Adjustments.Domain.csproj", "{2543E3F2-5715-49BB-8999-6C1D21499031}"
EndProject
Project("{9A19103F-16F7-4668-BE54-9A1E7A4F7556}") = "Pms.Adjustments.Persistence", "Pms.Adjustments.Persistence\Pms.Adjustments.Persistence.csproj", "{DBDF9546-BDBD-46B3-998D-D1E2B7B24956}"
EndProject
Project("{9A19103F-16F7-4668-BE54-9A1E7A4F7556}") = "Pms.Adjustments.ServiceLayer.EfCore", "Pms.Adjustments.ServiceLayer.EfCore\Pms.Adjustments.ServiceLayer.EfCore.csproj", "{2E56B521-07B1-479D-ADFB-E6F9E25529E0}"
EndProject
Project("{9A19103F-16F7-4668-BE54-9A1E7A4F7556}") = "Pms.Adjustments.Tests", "Pms.Adjustments.Tests\Pms.Adjustments.Tests.csproj", "{7C3C6EDF-70E5-49DC-A049-13FFBCA2C9C7}"
EndProject
Project("{FAE04EC0-301F-11D3-BF4B-00C04F79EFBC}") = "Pms.Adjustments.ServiceLayer.Files", "Pms.Adjustments.ServiceLayer.Files\Pms.Adjustments.ServiceLayer.Files.csproj", "{28BC1648-DBB1-4369-981F-54B01479B337}"
EndProject
Global
	GlobalSection(SolutionConfigurationPlatforms) = preSolution
		Debug|Any CPU = Debug|Any CPU
		Release|Any CPU = Release|Any CPU
	EndGlobalSection
	GlobalSection(ProjectConfigurationPlatforms) = postSolution
		{2543E3F2-5715-49BB-8999-6C1D21499031}.Debug|Any CPU.ActiveCfg = Debug|Any CPU
		{2543E3F2-5715-49BB-8999-6C1D21499031}.Debug|Any CPU.Build.0 = Debug|Any CPU
		{2543E3F2-5715-49BB-8999-6C1D21499031}.Release|Any CPU.ActiveCfg = Release|Any CPU
		{2543E3F2-5715-49BB-8999-6C1D21499031}.Release|Any CPU.Build.0 = Release|Any CPU
		{DBDF9546-BDBD-46B3-998D-D1E2B7B24956}.Debug|Any CPU.ActiveCfg = Debug|Any CPU
		{DBDF9546-BDBD-46B3-998D-D1E2B7B24956}.Debug|Any CPU.Build.0 = Debug|Any CPU
		{DBDF9546-BDBD-46B3-998D-D1E2B7B24956}.Release|Any CPU.ActiveCfg = Release|Any CPU
		{DBDF9546-BDBD-46B3-998D-D1E2B7B24956}.Release|Any CPU.Build.0 = Release|Any CPU
		{2E56B521-07B1-479D-ADFB-E6F9E25529E0}.Debug|Any CPU.ActiveCfg = Debug|Any CPU
		{2E56B521-07B1-479D-ADFB-E6F9E25529E0}.Debug|Any CPU.Build.0 = Debug|Any CPU
		{2E56B521-07B1-479D-ADFB-E6F9E25529E0}.Release|Any CPU.ActiveCfg = Release|Any CPU
		{2E56B521-07B1-479D-ADFB-E6F9E25529E0}.Release|Any CPU.Build.0 = Release|Any CPU
		{7C3C6EDF-70E5-49DC-A049-13FFBCA2C9C7}.Debug|Any CPU.ActiveCfg = Debug|Any CPU
		{7C3C6EDF-70E5-49DC-A049-13FFBCA2C9C7}.Debug|Any CPU.Build.0 = Debug|Any CPU
		{7C3C6EDF-70E5-49DC-A049-13FFBCA2C9C7}.Release|Any CPU.ActiveCfg = Release|Any CPU
		{7C3C6EDF-70E5-49DC-A049-13FFBCA2C9C7}.Release|Any CPU.Build.0 = Release|Any CPU
		{28BC1648-DBB1-4369-981F-54B01479B337}.Debug|Any CPU.ActiveCfg = Debug|Any CPU
		{28BC1648-DBB1-4369-981F-54B01479B337}.Debug|Any CPU.Build.0 = Debug|Any CPU
		{28BC1648-DBB1-4369-981F-54B01479B337}.Release|Any CPU.ActiveCfg = Release|Any CPU
		{28BC1648-DBB1-4369-981F-54B01479B337}.Release|Any CPU.Build.0 = Release|Any CPU
	EndGlobalSection
	GlobalSection(SolutionProperties) = preSolution
		HideSolutionNode = FALSE
	EndGlobalSection
	GlobalSection(ExtensibilityGlobals) = postSolution
		SolutionGuid = {44B6537A-F45A-472E-940B-CAEB8BF00668}
	EndGlobalSection
EndGlobal
